// !$*UTF8*$!
{
	archiveVersion = 1;
	classes = {
	};
	objectVersion = 77;
	objects = {

/* Begin PBXBuildFile section */
		EA6CC67D2D7C8F47008A21DB /* VideoListFeature in Frameworks */ = {isa = PBXBuildFile; productRef = EA6CC67C2D7C8F47008A21DB /* VideoListFeature */; };
		EA6CC67F2D7C933F008A21DB /* Data in Frameworks */ = {isa = PBXBuildFile; productRef = EA6CC67E2D7C933F008A21DB /* Data */; };
/* End PBXBuildFile section */

/* Begin PBXContainerItemProxy section */
		EA6CC5C52D7C478A008A21DB /* PBXContainerItemProxy */ = {
			isa = PBXContainerItemProxy;
			containerPortal = EA6CC5AB2D7C4789008A21DB /* Project object */;
			proxyType = 1;
			remoteGlobalIDString = EA6CC5B22D7C4789008A21DB;
			remoteInfo = StreamMotion;
		};
		EA6CC5CF2D7C478A008A21DB /* PBXContainerItemProxy */ = {
			isa = PBXContainerItemProxy;
			containerPortal = EA6CC5AB2D7C4789008A21DB /* Project object */;
			proxyType = 1;
			remoteGlobalIDString = EA6CC5B22D7C4789008A21DB;
			remoteInfo = StreamMotion;
		};
/* End PBXContainerItemProxy section */

/* Begin PBXFileReference section */
		EA6CC5B32D7C4789008A21DB /* StreamMotion.app */ = {isa = PBXFileReference; explicitFileType = wrapper.application; includeInIndex = 0; path = StreamMotion.app; sourceTree = BUILT_PRODUCTS_DIR; };
		EA6CC5C42D7C478A008A21DB /* StreamMotionTests.xctest */ = {isa = PBXFileReference; explicitFileType = wrapper.cfbundle; includeInIndex = 0; path = StreamMotionTests.xctest; sourceTree = BUILT_PRODUCTS_DIR; };
		EA6CC5CE2D7C478A008A21DB /* StreamMotionUITests.xctest */ = {isa = PBXFileReference; explicitFileType = wrapper.cfbundle; includeInIndex = 0; path = StreamMotionUITests.xctest; sourceTree = BUILT_PRODUCTS_DIR; };
/* End PBXFileReference section */

/* Begin PBXFileSystemSynchronizedBuildFileExceptionSet section */
		EA6CC5E22D7C4854008A21DB /* Exceptions for "StreamMotion" folder in "StreamMotion" target */ = {
			isa = PBXFileSystemSynchronizedBuildFileExceptionSet;
			membershipExceptions = (
				StreamMotionLibrary,
			);
			target = EA6CC5B22D7C4789008A21DB /* StreamMotion */;
		};
/* End PBXFileSystemSynchronizedBuildFileExceptionSet section */

/* Begin PBXFileSystemSynchronizedRootGroup section */
		EA6CC5B52D7C4789008A21DB /* StreamMotion */ = {
			isa = PBXFileSystemSynchronizedRootGroup;
			exceptions = (
				EA6CC5E22D7C4854008A21DB /* Exceptions for "StreamMotion" folder in "StreamMotion" target */,
			);
			path = StreamMotion;
			sourceTree = "<group>";
		};
		EA6CC5C72D7C478A008A21DB /* StreamMotionTests */ = {
			isa = PBXFileSystemSynchronizedRootGroup;
			path = StreamMotionTests;
			sourceTree = "<group>";
		};
		EA6CC5D12D7C478A008A21DB /* StreamMotionUITests */ = {
			isa = PBXFileSystemSynchronizedRootGroup;
			path = StreamMotionUITests;
			sourceTree = "<group>";
		};
/* End PBXFileSystemSynchronizedRootGroup section */

/* Begin PBXFrameworksBuildPhase section */
		EA6CC5B02D7C4789008A21DB /* Frameworks */ = {
			isa = PBXFrameworksBuildPhase;
			buildActionMask = 2147483647;
			files = (
				EA6CC67F2D7C933F008A21DB /* Data in Frameworks */,
				EA6CC67D2D7C8F47008A21DB /* VideoListFeature in Frameworks */,
			);
			runOnlyForDeploymentPostprocessing = 0;
		};
		EA6CC5C12D7C478A008A21DB /* Frameworks */ = {
			isa = PBXFrameworksBuildPhase;
			buildActionMask = 2147483647;
			files = (
			);
			runOnlyForDeploymentPostprocessing = 0;
		};
		EA6CC5CB2D7C478A008A21DB /* Frameworks */ = {
			isa = PBXFrameworksBuildPhase;
			buildActionMask = 2147483647;
			files = (
			);
			runOnlyForDeploymentPostprocessing = 0;
		};
/* End PBXFrameworksBuildPhase section */

/* Begin PBXGroup section */
		EA6CC5AA2D7C4789008A21DB = {
			isa = PBXGroup;
			children = (
				EA6CC5B52D7C4789008A21DB /* StreamMotion */,
				EA6CC5C72D7C478A008A21DB /* StreamMotionTests */,
				EA6CC5D12D7C478A008A21DB /* StreamMotionUITests */,
				EA6CC67B2D7C8F47008A21DB /* Frameworks */,
				EA6CC5B42D7C4789008A21DB /* Products */,
			);
			sourceTree = "<group>";
		};
		EA6CC5B42D7C4789008A21DB /* Products */ = {
			isa = PBXGroup;
			children = (
				EA6CC5B32D7C4789008A21DB /* StreamMotion.app */,
				EA6CC5C42D7C478A008A21DB /* StreamMotionTests.xctest */,
				EA6CC5CE2D7C478A008A21DB /* StreamMotionUITests.xctest */,
			);
			name = Products;
			sourceTree = "<group>";
		};
		EA6CC67B2D7C8F47008A21DB /* Frameworks */ = {
			isa = PBXGroup;
			children = (
			);
			name = Frameworks;
			sourceTree = "<group>";
		};
/* End PBXGroup section */

/* Begin PBXNativeTarget section */
		EA6CC5B22D7C4789008A21DB /* StreamMotion */ = {
			isa = PBXNativeTarget;
			buildConfigurationList = EA6CC5D82D7C478A008A21DB /* Build configuration list for PBXNativeTarget "StreamMotion" */;
			buildPhases = (
				EA6CC5AF2D7C4789008A21DB /* Sources */,
				EA6CC5B02D7C4789008A21DB /* Frameworks */,
				EA6CC5B12D7C4789008A21DB /* Resources */,
			);
			buildRules = (
			);
			dependencies = (
			);
			fileSystemSynchronizedGroups = (
				EA6CC5B52D7C4789008A21DB /* StreamMotion */,
			);
			name = StreamMotion;
			packageProductDependencies = (
				EA6CC67C2D7C8F47008A21DB /* VideoListFeature */,
				EA6CC67E2D7C933F008A21DB /* Data */,
			);
			productName = StreamMotion;
			productReference = EA6CC5B32D7C4789008A21DB /* StreamMotion.app */;
			productType = "com.apple.product-type.application";
		};
		EA6CC5C32D7C478A008A21DB /* StreamMotionTests */ = {
			isa = PBXNativeTarget;
			buildConfigurationList = EA6CC5DB2D7C478A008A21DB /* Build configuration list for PBXNativeTarget "StreamMotionTests" */;
			buildPhases = (
				EA6CC5C02D7C478A008A21DB /* Sources */,
				EA6CC5C12D7C478A008A21DB /* Frameworks */,
				EA6CC5C22D7C478A008A21DB /* Resources */,
			);
			buildRules = (
			);
			dependencies = (
				EA6CC5C62D7C478A008A21DB /* PBXTargetDependency */,
			);
			fileSystemSynchronizedGroups = (
				EA6CC5C72D7C478A008A21DB /* StreamMotionTests */,
			);
			name = StreamMotionTests;
			packageProductDependencies = (
			);
			productName = StreamMotionTests;
			productReference = EA6CC5C42D7C478A008A21DB /* StreamMotionTests.xctest */;
			productType = "com.apple.product-type.bundle.unit-test";
		};
		EA6CC5CD2D7C478A008A21DB /* StreamMotionUITests */ = {
			isa = PBXNativeTarget;
			buildConfigurationList = EA6CC5DE2D7C478A008A21DB /* Build configuration list for PBXNativeTarget "StreamMotionUITests" */;
			buildPhases = (
				EA6CC5CA2D7C478A008A21DB /* Sources */,
				EA6CC5CB2D7C478A008A21DB /* Frameworks */,
				EA6CC5CC2D7C478A008A21DB /* Resources */,
			);
			buildRules = (
			);
			dependencies = (
				EA6CC5D02D7C478A008A21DB /* PBXTargetDependency */,
			);
			fileSystemSynchronizedGroups = (
				EA6CC5D12D7C478A008A21DB /* StreamMotionUITests */,
			);
			name = StreamMotionUITests;
			packageProductDependencies = (
			);
			productName = StreamMotionUITests;
			productReference = EA6CC5CE2D7C478A008A21DB /* StreamMotionUITests.xctest */;
			productType = "com.apple.product-type.bundle.ui-testing";
		};
/* End PBXNativeTarget section */

/* Begin PBXProject section */
		EA6CC5AB2D7C4789008A21DB /* Project object */ = {
			isa = PBXProject;
			attributes = {
				BuildIndependentTargetsInParallel = 1;
				LastSwiftUpdateCheck = 1620;
				LastUpgradeCheck = 1620;
				TargetAttributes = {
					EA6CC5B22D7C4789008A21DB = {
						CreatedOnToolsVersion = 16.2;
					};
					EA6CC5C32D7C478A008A21DB = {
						CreatedOnToolsVersion = 16.2;
						TestTargetID = EA6CC5B22D7C4789008A21DB;
					};
					EA6CC5CD2D7C478A008A21DB = {
						CreatedOnToolsVersion = 16.2;
						TestTargetID = EA6CC5B22D7C4789008A21DB;
					};
				};
			};
			buildConfigurationList = EA6CC5AE2D7C4789008A21DB /* Build configuration list for PBXProject "StreamMotion" */;
			developmentRegion = en;
			hasScannedForEncodings = 0;
			knownRegions = (
				en,
				Base,
			);
			mainGroup = EA6CC5AA2D7C4789008A21DB;
			minimizedProjectReferenceProxies = 1;
			preferredProjectObjectVersion = 77;
			productRefGroup = EA6CC5B42D7C4789008A21DB /* Products */;
			projectDirPath = "";
			projectRoot = "";
			targets = (
				EA6CC5B22D7C4789008A21DB /* StreamMotion */,
				EA6CC5C32D7C478A008A21DB /* StreamMotionTests */,
				EA6CC5CD2D7C478A008A21DB /* StreamMotionUITests */,
			);
		};
/* End PBXProject section */

/* Begin PBXResourcesBuildPhase section */
		EA6CC5B12D7C4789008A21DB /* Resources */ = {
			isa = PBXResourcesBuildPhase;
			buildActionMask = 2147483647;
			files = (
			);
			runOnlyForDeploymentPostprocessing = 0;
		};
		EA6CC5C22D7C478A008A21DB /* Resources */ = {
			isa = PBXResourcesBuildPhase;
			buildActionMask = 2147483647;
			files = (
			);
			runOnlyForDeploymentPostprocessing = 0;
		};
		EA6CC5CC2D7C478A008A21DB /* Resources */ = {
			isa = PBXResourcesBuildPhase;
			buildActionMask = 2147483647;
			files = (
			);
			runOnlyForDeploymentPostprocessing = 0;
		};
/* End PBXResourcesBuildPhase section */

/* Begin PBXSourcesBuildPhase section */
		EA6CC5AF2D7C4789008A21DB /* Sources */ = {
			isa = PBXSourcesBuildPhase;
			buildActionMask = 2147483647;
			files = (
			);
			runOnlyForDeploymentPostprocessing = 0;
		};
		EA6CC5C02D7C478A008A21DB /* Sources */ = {
			isa = PBXSourcesBuildPhase;
			buildActionMask = 2147483647;
			files = (
			);
			runOnlyForDeploymentPostprocessing = 0;
		};
		EA6CC5CA2D7C478A008A21DB /* Sources */ = {
			isa = PBXSourcesBuildPhase;
			buildActionMask = 2147483647;
			files = (
			);
			runOnlyForDeploymentPostprocessing = 0;
		};
/* End PBXSourcesBuildPhase section */

/* Begin PBXTargetDependency section */
		EA6CC5C62D7C478A008A21DB /* PBXTargetDependency */ = {
			isa = PBXTargetDependency;
			target = EA6CC5B22D7C4789008A21DB /* StreamMotion */;
			targetProxy = EA6CC5C52D7C478A008A21DB /* PBXContainerItemProxy */;
		};
		EA6CC5D02D7C478A008A21DB /* PBXTargetDependency */ = {
			isa = PBXTargetDependency;
			target = EA6CC5B22D7C4789008A21DB /* StreamMotion */;
			targetProxy = EA6CC5CF2D7C478A008A21DB /* PBXContainerItemProxy */;
		};
/* End PBXTargetDependency section */

/* Begin XCBuildConfiguration section */
		EA6CC5D62D7C478A008A21DB /* Debug */ = {
			isa = XCBuildConfiguration;
			buildSettings = {
				ALWAYS_SEARCH_USER_PATHS = NO;
				ASSETCATALOG_COMPILER_GENERATE_SWIFT_ASSET_SYMBOL_EXTENSIONS = YES;
				CLANG_ANALYZER_NONNULL = YES;
				CLANG_ANALYZER_NUMBER_OBJECT_CONVERSION = YES_AGGRESSIVE;
				CLANG_CXX_LANGUAGE_STANDARD = "gnu++20";
				CLANG_ENABLE_MODULES = YES;
				CLANG_ENABLE_OBJC_ARC = YES;
				CLANG_ENABLE_OBJC_WEAK = YES;
				CLANG_WARN_BLOCK_CAPTURE_AUTORELEASING = YES;
				CLANG_WARN_BOOL_CONVERSION = YES;
				CLANG_WARN_COMMA = YES;
				CLANG_WARN_CONSTANT_CONVERSION = YES;
				CLANG_WARN_DEPRECATED_OBJC_IMPLEMENTATIONS = YES;
				CLANG_WARN_DIRECT_OBJC_ISA_USAGE = YES_ERROR;
				CLANG_WARN_DOCUMENTATION_COMMENTS = YES;
				CLANG_WARN_EMPTY_BODY = YES;
				CLANG_WARN_ENUM_CONVERSION = YES;
				CLANG_WARN_INFINITE_RECURSION = YES;
				CLANG_WARN_INT_CONVERSION = YES;
				CLANG_WARN_NON_LITERAL_NULL_CONVERSION = YES;
				CLANG_WARN_OBJC_IMPLICIT_RETAIN_SELF = YES;
				CLANG_WARN_OBJC_LITERAL_CONVERSION = YES;
				CLANG_WARN_OBJC_ROOT_CLASS = YES_ERROR;
				CLANG_WARN_QUOTED_INCLUDE_IN_FRAMEWORK_HEADER = YES;
				CLANG_WARN_RANGE_LOOP_ANALYSIS = YES;
				CLANG_WARN_STRICT_PROTOTYPES = YES;
				CLANG_WARN_SUSPICIOUS_MOVE = YES;
				CLANG_WARN_UNGUARDED_AVAILABILITY = YES_AGGRESSIVE;
				CLANG_WARN_UNREACHABLE_CODE = YES;
				CLANG_WARN__DUPLICATE_METHOD_MATCH = YES;
				COPY_PHASE_STRIP = NO;
				DEBUG_INFORMATION_FORMAT = dwarf;
				ENABLE_STRICT_OBJC_MSGSEND = YES;
				ENABLE_TESTABILITY = YES;
				ENABLE_USER_SCRIPT_SANDBOXING = YES;
				GCC_C_LANGUAGE_STANDARD = gnu17;
				GCC_DYNAMIC_NO_PIC = NO;
				GCC_NO_COMMON_BLOCKS = YES;
				GCC_OPTIMIZATION_LEVEL = 0;
				GCC_PREPROCESSOR_DEFINITIONS = (
					"DEBUG=1",
					"$(inherited)",
				);
				GCC_WARN_64_TO_32_BIT_CONVERSION = YES;
				GCC_WARN_ABOUT_RETURN_TYPE = YES_ERROR;
				GCC_WARN_UNDECLARED_SELECTOR = YES;
				GCC_WARN_UNINITIALIZED_AUTOS = YES_AGGRESSIVE;
				GCC_WARN_UNUSED_FUNCTION = YES;
				GCC_WARN_UNUSED_VARIABLE = YES;
				LOCALIZATION_PREFERS_STRING_CATALOGS = YES;
				MTL_ENABLE_DEBUG_INFO = INCLUDE_SOURCE;
				MTL_FAST_MATH = YES;
				ONLY_ACTIVE_ARCH = YES;
				SWIFT_ACTIVE_COMPILATION_CONDITIONS = "DEBUG $(inherited)";
				SWIFT_OPTIMIZATION_LEVEL = "-Onone";
			};
			name = Debug;
		};
		EA6CC5D72D7C478A008A21DB /* Release */ = {
			isa = XCBuildConfiguration;
			buildSettings = {
				ALWAYS_SEARCH_USER_PATHS = NO;
				ASSETCATALOG_COMPILER_GENERATE_SWIFT_ASSET_SYMBOL_EXTENSIONS = YES;
				CLANG_ANALYZER_NONNULL = YES;
				CLANG_ANALYZER_NUMBER_OBJECT_CONVERSION = YES_AGGRESSIVE;
				CLANG_CXX_LANGUAGE_STANDARD = "gnu++20";
				CLANG_ENABLE_MODULES = YES;
				CLANG_ENABLE_OBJC_ARC = YES;
				CLANG_ENABLE_OBJC_WEAK = YES;
				CLANG_WARN_BLOCK_CAPTURE_AUTORELEASING = YES;
				CLANG_WARN_BOOL_CONVERSION = YES;
				CLANG_WARN_COMMA = YES;
				CLANG_WARN_CONSTANT_CONVERSION = YES;
				CLANG_WARN_DEPRECATED_OBJC_IMPLEMENTATIONS = YES;
				CLANG_WARN_DIRECT_OBJC_ISA_USAGE = YES_ERROR;
				CLANG_WARN_DOCUMENTATION_COMMENTS = YES;
				CLANG_WARN_EMPTY_BODY = YES;
				CLANG_WARN_ENUM_CONVERSION = YES;
				CLANG_WARN_INFINITE_RECURSION = YES;
				CLANG_WARN_INT_CONVERSION = YES;
				CLANG_WARN_NON_LITERAL_NULL_CONVERSION = YES;
				CLANG_WARN_OBJC_IMPLICIT_RETAIN_SELF = YES;
				CLANG_WARN_OBJC_LITERAL_CONVERSION = YES;
				CLANG_WARN_OBJC_ROOT_CLASS = YES_ERROR;
				CLANG_WARN_QUOTED_INCLUDE_IN_FRAMEWORK_HEADER = YES;
				CLANG_WARN_RANGE_LOOP_ANALYSIS = YES;
				CLANG_WARN_STRICT_PROTOTYPES = YES;
				CLANG_WARN_SUSPICIOUS_MOVE = YES;
				CLANG_WARN_UNGUARDED_AVAILABILITY = YES_AGGRESSIVE;
				CLANG_WARN_UNREACHABLE_CODE = YES;
				CLANG_WARN__DUPLICATE_METHOD_MATCH = YES;
				COPY_PHASE_STRIP = NO;
				DEBUG_INFORMATION_FORMAT = "dwarf-with-dsym";
				ENABLE_NS_ASSERTIONS = NO;
				ENABLE_STRICT_OBJC_MSGSEND = YES;
				ENABLE_USER_SCRIPT_SANDBOXING = YES;
				GCC_C_LANGUAGE_STANDARD = gnu17;
				GCC_NO_COMMON_BLOCKS = YES;
				GCC_WARN_64_TO_32_BIT_CONVERSION = YES;
				GCC_WARN_ABOUT_RETURN_TYPE = YES_ERROR;
				GCC_WARN_UNDECLARED_SELECTOR = YES;
				GCC_WARN_UNINITIALIZED_AUTOS = YES_AGGRESSIVE;
				GCC_WARN_UNUSED_FUNCTION = YES;
				GCC_WARN_UNUSED_VARIABLE = YES;
				LOCALIZATION_PREFERS_STRING_CATALOGS = YES;
				MTL_ENABLE_DEBUG_INFO = NO;
				MTL_FAST_MATH = YES;
				SWIFT_COMPILATION_MODE = wholemodule;
			};
			name = Release;
		};
		EA6CC5D92D7C478A008A21DB /* Debug */ = {
			isa = XCBuildConfiguration;
			buildSettings = {
				ASSETCATALOG_COMPILER_APPICON_NAME = AppIcon;
				ASSETCATALOG_COMPILER_GLOBAL_ACCENT_COLOR_NAME = AccentColor;
				CODE_SIGN_ENTITLEMENTS = StreamMotion/StreamMotion.entitlements;
				CODE_SIGN_STYLE = Automatic;
				CURRENT_PROJECT_VERSION = 1;
				DEVELOPMENT_ASSET_PATHS = "\"StreamMotion/Preview Content\"";
				DEVELOPMENT_TEAM = 5VZ2QR2QTT;
				ENABLE_HARDENED_RUNTIME = YES;
				ENABLE_PREVIEWS = YES;
				GENERATE_INFOPLIST_FILE = YES;
				"INFOPLIST_KEY_UIApplicationSceneManifest_Generation[sdk=iphoneos*]" = YES;
				"INFOPLIST_KEY_UIApplicationSceneManifest_Generation[sdk=iphonesimulator*]" = YES;
				"INFOPLIST_KEY_UIApplicationSupportsIndirectInputEvents[sdk=iphoneos*]" = YES;
				"INFOPLIST_KEY_UIApplicationSupportsIndirectInputEvents[sdk=iphonesimulator*]" = YES;
				"INFOPLIST_KEY_UILaunchScreen_Generation[sdk=iphoneos*]" = YES;
				"INFOPLIST_KEY_UILaunchScreen_Generation[sdk=iphonesimulator*]" = YES;
				"INFOPLIST_KEY_UIStatusBarStyle[sdk=iphoneos*]" = UIStatusBarStyleDefault;
				"INFOPLIST_KEY_UIStatusBarStyle[sdk=iphonesimulator*]" = UIStatusBarStyleDefault;
				INFOPLIST_KEY_UISupportedInterfaceOrientations_iPad = "UIInterfaceOrientationPortrait UIInterfaceOrientationPortraitUpsideDown UIInterfaceOrientationLandscapeLeft UIInterfaceOrientationLandscapeRight";
				INFOPLIST_KEY_UISupportedInterfaceOrientations_iPhone = "UIInterfaceOrientationPortrait UIInterfaceOrientationLandscapeLeft UIInterfaceOrientationLandscapeRight";
				IPHONEOS_DEPLOYMENT_TARGET = 15.6;
				LD_RUNPATH_SEARCH_PATHS = "@executable_path/Frameworks";
				"LD_RUNPATH_SEARCH_PATHS[sdk=macosx*]" = "@executable_path/../Frameworks";
				MACOSX_DEPLOYMENT_TARGET = 15.0;
				MARKETING_VERSION = 1.0;
				PRODUCT_BUNDLE_IDENTIFIER = com.dailymotion.streammotion;
				PRODUCT_NAME = "$(TARGET_NAME)";
				SDKROOT = auto;
				SUPPORTED_PLATFORMS = "iphoneos iphonesimulator";
				SUPPORTS_MACCATALYST = NO;
				SWIFT_EMIT_LOC_STRINGS = YES;
				SWIFT_VERSION = 5.0;
				TARGETED_DEVICE_FAMILY = 1;
				XROS_DEPLOYMENT_TARGET = 2.2;
			};
			name = Debug;
		};
		EA6CC5DA2D7C478A008A21DB /* Release */ = {
			isa = XCBuildConfiguration;
			buildSettings = {
				ASSETCATALOG_COMPILER_APPICON_NAME = AppIcon;
				ASSETCATALOG_COMPILER_GLOBAL_ACCENT_COLOR_NAME = AccentColor;
				CODE_SIGN_ENTITLEMENTS = StreamMotion/StreamMotion.entitlements;
				CODE_SIGN_STYLE = Automatic;
				CURRENT_PROJECT_VERSION = 1;
				DEVELOPMENT_ASSET_PATHS = "\"StreamMotion/Preview Content\"";
				DEVELOPMENT_TEAM = 5VZ2QR2QTT;
				ENABLE_HARDENED_RUNTIME = YES;
				ENABLE_PREVIEWS = YES;
				GENERATE_INFOPLIST_FILE = YES;
				"INFOPLIST_KEY_UIApplicationSceneManifest_Generation[sdk=iphoneos*]" = YES;
				"INFOPLIST_KEY_UIApplicationSceneManifest_Generation[sdk=iphonesimulator*]" = YES;
				"INFOPLIST_KEY_UIApplicationSupportsIndirectInputEvents[sdk=iphoneos*]" = YES;
				"INFOPLIST_KEY_UIApplicationSupportsIndirectInputEvents[sdk=iphonesimulator*]" = YES;
				"INFOPLIST_KEY_UILaunchScreen_Generation[sdk=iphoneos*]" = YES;
				"INFOPLIST_KEY_UILaunchScreen_Generation[sdk=iphonesimulator*]" = YES;
				"INFOPLIST_KEY_UIStatusBarStyle[sdk=iphoneos*]" = UIStatusBarStyleDefault;
				"INFOPLIST_KEY_UIStatusBarStyle[sdk=iphonesimulator*]" = UIStatusBarStyleDefault;
				INFOPLIST_KEY_UISupportedInterfaceOrientations_iPad = "UIInterfaceOrientationPortrait UIInterfaceOrientationPortraitUpsideDown UIInterfaceOrientationLandscapeLeft UIInterfaceOrientationLandscapeRight";
				INFOPLIST_KEY_UISupportedInterfaceOrientations_iPhone = "UIInterfaceOrientationPortrait UIInterfaceOrientationLandscapeLeft UIInterfaceOrientationLandscapeRight";
				IPHONEOS_DEPLOYMENT_TARGET = 15.6;
				LD_RUNPATH_SEARCH_PATHS = "@executable_path/Frameworks";
				"LD_RUNPATH_SEARCH_PATHS[sdk=macosx*]" = "@executable_path/../Frameworks";
				MACOSX_DEPLOYMENT_TARGET = 15.0;
				MARKETING_VERSION = 1.0;
				PRODUCT_BUNDLE_IDENTIFIER = com.dailymotion.streammotion;
				PRODUCT_NAME = "$(TARGET_NAME)";
				SDKROOT = auto;
				SUPPORTED_PLATFORMS = "iphoneos iphonesimulator";
				SUPPORTS_MACCATALYST = NO;
				SWIFT_EMIT_LOC_STRINGS = YES;
				SWIFT_VERSION = 5.0;
				TARGETED_DEVICE_FAMILY = 1;
				XROS_DEPLOYMENT_TARGET = 2.2;
			};
			name = Release;
		};
		EA6CC5DC2D7C478A008A21DB /* Debug */ = {
			isa = XCBuildConfiguration;
			buildSettings = {
				BUNDLE_LOADER = "$(TEST_HOST)";
				CODE_SIGN_STYLE = Automatic;
				CURRENT_PROJECT_VERSION = 1;
				DEVELOPMENT_TEAM = 5VZ2QR2QTT;
				GENERATE_INFOPLIST_FILE = YES;
				IPHONEOS_DEPLOYMENT_TARGET = 18.2;
				MACOSX_DEPLOYMENT_TARGET = 15.0;
				MARKETING_VERSION = 1.0;
				PRODUCT_BUNDLE_IDENTIFIER = com.dailymotion.streammotion.StreamMotionTests;
				PRODUCT_NAME = "$(TARGET_NAME)";
				SDKROOT = auto;
				SUPPORTED_PLATFORMS = "iphoneos iphonesimulator macosx xros xrsimulator";
				SWIFT_EMIT_LOC_STRINGS = NO;
				SWIFT_VERSION = 5.0;
				TARGETED_DEVICE_FAMILY = "1,2,7";
				TEST_HOST = "$(BUILT_PRODUCTS_DIR)/StreamMotion.app/$(BUNDLE_EXECUTABLE_FOLDER_PATH)/StreamMotion";
				XROS_DEPLOYMENT_TARGET = 2.2;
			};
			name = Debug;
		};
		EA6CC5DD2D7C478A008A21DB /* Release */ = {
			isa = XCBuildConfiguration;
			buildSettings = {
				BUNDLE_LOADER = "$(TEST_HOST)";
				CODE_SIGN_STYLE = Automatic;
				CURRENT_PROJECT_VERSION = 1;
				DEVELOPMENT_TEAM = 5VZ2QR2QTT;
				GENERATE_INFOPLIST_FILE = YES;
				IPHONEOS_DEPLOYMENT_TARGET = 18.2;
				MACOSX_DEPLOYMENT_TARGET = 15.0;
				MARKETING_VERSION = 1.0;
				PRODUCT_BUNDLE_IDENTIFIER = com.dailymotion.streammotion.StreamMotionTests;
				PRODUCT_NAME = "$(TARGET_NAME)";
				SDKROOT = auto;
				SUPPORTED_PLATFORMS = "iphoneos iphonesimulator macosx xros xrsimulator";
				SWIFT_EMIT_LOC_STRINGS = NO;
				SWIFT_VERSION = 5.0;
				TARGETED_DEVICE_FAMILY = "1,2,7";
				TEST_HOST = "$(BUILT_PRODUCTS_DIR)/StreamMotion.app/$(BUNDLE_EXECUTABLE_FOLDER_PATH)/StreamMotion";
				XROS_DEPLOYMENT_TARGET = 2.2;
			};
			name = Release;
		};
		EA6CC5DF2D7C478A008A21DB /* Debug */ = {
			isa = XCBuildConfiguration;
			buildSettings = {
				CODE_SIGN_STYLE = Automatic;
				CURRENT_PROJECT_VERSION = 1;
				DEVELOPMENT_TEAM = 5VZ2QR2QTT;
				GENERATE_INFOPLIST_FILE = YES;
				IPHONEOS_DEPLOYMENT_TARGET = 18.2;
				MACOSX_DEPLOYMENT_TARGET = 15.0;
				MARKETING_VERSION = 1.0;
				PRODUCT_BUNDLE_IDENTIFIER = com.dailymotion.streammotion.StreamMotionUITests;
				PRODUCT_NAME = "$(TARGET_NAME)";
				SDKROOT = auto;
				SUPPORTED_PLATFORMS = "iphoneos iphonesimulator macosx xros xrsimulator";
				SWIFT_EMIT_LOC_STRINGS = NO;
				SWIFT_VERSION = 5.0;
				TARGETED_DEVICE_FAMILY = "1,2,7";
				TEST_TARGET_NAME = StreamMotion;
				XROS_DEPLOYMENT_TARGET = 2.2;
			};
			name = Debug;
		};
		EA6CC5E02D7C478A008A21DB /* Release */ = {
			isa = XCBuildConfiguration;
			buildSettings = {
				CODE_SIGN_STYLE = Automatic;
				CURRENT_PROJECT_VERSION = 1;
				DEVELOPMENT_TEAM = 5VZ2QR2QTT;
				GENERATE_INFOPLIST_FILE = YES;
				IPHONEOS_DEPLOYMENT_TARGET = 18.2;
				MACOSX_DEPLOYMENT_TARGET = 15.0;
				MARKETING_VERSION = 1.0;
				PRODUCT_BUNDLE_IDENTIFIER = com.dailymotion.streammotion.StreamMotionUITests;
				PRODUCT_NAME = "$(TARGET_NAME)";
				SDKROOT = auto;
				SUPPORTED_PLATFORMS = "iphoneos iphonesimulator macosx xros xrsimulator";
				SWIFT_EMIT_LOC_STRINGS = NO;
				SWIFT_VERSION = 5.0;
				TARGETED_DEVICE_FAMILY = "1,2,7";
				TEST_TARGET_NAME = StreamMotion;
				XROS_DEPLOYMENT_TARGET = 2.2;
			};
			name = Release;
		};
/* End XCBuildConfiguration section */

/* Begin XCConfigurationList section */
		EA6CC5AE2D7C4789008A21DB /* Build configuration list for PBXProject "StreamMotion" */ = {
			isa = XCConfigurationList;
			buildConfigurations = (
				EA6CC5D62D7C478A008A21DB /* Debug */,
				EA6CC5D72D7C478A008A21DB /* Release */,
			);
			defaultConfigurationIsVisible = 0;
			defaultConfigurationName = Release;
		};
		EA6CC5D82D7C478A008A21DB /* Build configuration list for PBXNativeTarget "StreamMotion" */ = {
			isa = XCConfigurationList;
			buildConfigurations = (
				EA6CC5D92D7C478A008A21DB /* Debug */,
				EA6CC5DA2D7C478A008A21DB /* Release */,
			);
			defaultConfigurationIsVisible = 0;
			defaultConfigurationName = Release;
		};
		EA6CC5DB2D7C478A008A21DB /* Build configuration list for PBXNativeTarget "StreamMotionTests" */ = {
			isa = XCConfigurationList;
			buildConfigurations = (
				EA6CC5DC2D7C478A008A21DB /* Debug */,
				EA6CC5DD2D7C478A008A21DB /* Release */,
			);
			defaultConfigurationIsVisible = 0;
			defaultConfigurationName = Release;
		};
		EA6CC5DE2D7C478A008A21DB /* Build configuration list for PBXNativeTarget "StreamMotionUITests" */ = {
			isa = XCConfigurationList;
			buildConfigurations = (
				EA6CC5DF2D7C478A008A21DB /* Debug */,
				EA6CC5E02D7C478A008A21DB /* Release */,
			);
			defaultConfigurationIsVisible = 0;
			defaultConfigurationName = Release;
		};
/* End XCConfigurationList section */

/* Begin XCSwiftPackageProductDependency section */
		EA6CC67C2D7C8F47008A21DB /* VideoListFeature */ = {
			isa = XCSwiftPackageProductDependency;
			productName = VideoListFeature;
		};
		EA6CC67E2D7C933F008A21DB /* Data */ = {
			isa = XCSwiftPackageProductDependency;
			productName = Data;
		};
/* End XCSwiftPackageProductDependency section */
	};
	rootObject = EA6CC5AB2D7C4789008A21DB /* Project object */;
}
